
Microsoft Visual Studio Solution File, Format Version 12.00
# Visual Studio Version 17
VisualStudioVersion = 17.5.33502.453
MinimumVisualStudioVersion = 10.0.40219.1
Project("{9A19103F-16F7-4668-BE54-9A1E7A4F7556}") = "BookShop", "BookShop\BookShop.csproj", "{C98533A7-CB52-4164-B182-3564758E513F}"
EndProject
Global
	GlobalSection(SolutionConfigurationPlatforms) = preSolution
		Debug|Any CPU = Debug|Any CPU
		Release|Any CPU = Release|Any CPU
	EndGlobalSection
	GlobalSection(ProjectConfigurationPlatforms) = postSolution
		{C98533A7-CB52-4164-B182-3564758E513F}.Debug|Any CPU.ActiveCfg = Debug|Any CPU
		{C98533A7-CB52-4164-B182-3564758E513F}.Debug|Any CPU.Build.0 = Debug|Any CPU
		{C98533A7-CB52-4164-B182-3564758E513F}.Release|Any CPU.ActiveCfg = Release|Any CPU
		{C98533A7-CB52-4164-B182-3564758E513F}.Release|Any CPU.Build.0 = Release|Any CPU
	EndGlobalSection
	GlobalSection(SolutionProperties) = preSolution
		HideSolutionNode = FALSE
	EndGlobalSection
	GlobalSection(ExtensibilityGlobals) = postSolution
		SolutionGuid = {3955422D-4DF7-44AF-9C44-02CE334BE8CA}
	EndGlobalSection
EndGlobal
